
Microsoft Visual Studio Solution File, Format Version 12.00
# Visual Studio Version 17
VisualStudioVersion = 17.8.34525.116
MinimumVisualStudioVersion = 10.0.40219.1
Project("{8BC9CEB8-8B4A-11D0-8D11-00A0C91BC942}") = "VEHICLE_PARKING_PROJECT_NEW", "VEHICLE_PARKING_PROJECT_NEW.vcxproj", "{146D2E71-A876-4CB5-9196-F1314D549AC4}"
EndProject
Global
	GlobalSection(SolutionConfigurationPlatforms) = preSolution
		Debug|x64 = Debug|x64
		Debug|x86 = Debug|x86
		Release|x64 = Release|x64
		Release|x86 = Release|x86
	EndGlobalSection
	GlobalSection(ProjectConfigurationPlatforms) = postSolution
		{146D2E71-A876-4CB5-9196-F1314D549AC4}.Debug|x64.ActiveCfg = Debug|x64
		{146D2E71-A876-4CB5-9196-F1314D549AC4}.Debug|x64.Build.0 = Debug|x64
		{146D2E71-A876-4CB5-9196-F1314D549AC4}.Debug|x86.ActiveCfg = Debug|Win32
		{146D2E71-A876-4CB5-9196-F1314D549AC4}.Debug|x86.Build.0 = Debug|Win32
		{146D2E71-A876-4CB5-9196-F1314D549AC4}.Release|x64.ActiveCfg = Release|x64
		{146D2E71-A876-4CB5-9196-F1314D549AC4}.Release|x64.Build.0 = Release|x64
		{146D2E71-A876-4CB5-9196-F1314D549AC4}.Release|x86.ActiveCfg = Release|Win32
		{146D2E71-A876-4CB5-9196-F1314D549AC4}.Release|x86.Build.0 = Release|Win32
	EndGlobalSection
	GlobalSection(SolutionProperties) = preSolution
		HideSolutionNode = FALSE
	EndGlobalSection
	GlobalSection(ExtensibilityGlobals) = postSolution
		SolutionGuid = {7E94CBB7-679D-47EF-8F83-95C9EE19DA71}
	EndGlobalSection
EndGlobal
